
Microsoft Visual Studio Solution File, Format Version 12.00
# Visual Studio 15
VisualStudioVersion = 15.0.28307.960
MinimumVisualStudioVersion = 10.0.40219.1
Project("{FAE04EC0-301F-11D3-BF4B-00C04F79EFBC}") = "PatternStateInExample", "PatternStateInExample\PatternStateInExample.csproj", "{AF88DE34-67DC-4799-8FC0-A11311224F09}"
EndProject
Global
	GlobalSection(SolutionConfigurationPlatforms) = preSolution
		Debug|Any CPU = Debug|Any CPU
		Release|Any CPU = Release|Any CPU
	EndGlobalSection
	GlobalSection(ProjectConfigurationPlatforms) = postSolution
		{AF88DE34-67DC-4799-8FC0-A11311224F09}.Debug|Any CPU.ActiveCfg = Debug|Any CPU
		{AF88DE34-67DC-4799-8FC0-A11311224F09}.Debug|Any CPU.Build.0 = Debug|Any CPU
		{AF88DE34-67DC-4799-8FC0-A11311224F09}.Release|Any CPU.ActiveCfg = Release|Any CPU
		{AF88DE34-67DC-4799-8FC0-A11311224F09}.Release|Any CPU.Build.0 = Release|Any CPU
	EndGlobalSection
	GlobalSection(SolutionProperties) = preSolution
		HideSolutionNode = FALSE
	EndGlobalSection
	GlobalSection(ExtensibilityGlobals) = postSolution
		SolutionGuid = {885B6B29-36A3-4001-AE5A-C24B9E8C53E2}
	EndGlobalSection
EndGlobal
